
Microsoft Visual Studio Solution File, Format Version 12.00
# Visual Studio Version 17
VisualStudioVersion = 17.9.34728.123
MinimumVisualStudioVersion = 10.0.40219.1
Project("{FAE04EC0-301F-11D3-BF4B-00C04F79EFBC}") = "MusicSharingAppBackend", "MusicSharingAppBackend.csproj", "{68E3C494-470E-46F3-8C21-4D3E1A535B75}"
EndProject
Project("{2150E333-8FDC-42A3-9474-1A3956D46DE8}") = "Impl", "Impl", "{3A4DBAAE-F556-4075-A559-9554A3AE9B57}"
EndProject
Project("{FAE04EC0-301F-11D3-BF4B-00C04F79EFBC}") = "Models", "..\Models\Models.csproj", "{15F81ADF-92E6-4464-B30C-34020B307169}"
EndProject
Project("{FAE04EC0-301F-11D3-BF4B-00C04F79EFBC}") = "AbstractServices", "..\Services\AbstractServices.csproj", "{0F161481-6220-4931-B1A6-E9323A53B146}"
EndProject
Project("{FAE04EC0-301F-11D3-BF4B-00C04F79EFBC}") = "MongoDBImpl", "..\UserService\MongoDBImpl.csproj", "{675DACDC-3F12-4366-8980-E4C6C401EB08}"
EndProject
Global
	GlobalSection(SolutionConfigurationPlatforms) = preSolution
		Debug|Any CPU = Debug|Any CPU
		Release|Any CPU = Release|Any CPU
	EndGlobalSection
	GlobalSection(ProjectConfigurationPlatforms) = postSolution
		{68E3C494-470E-46F3-8C21-4D3E1A535B75}.Debug|Any CPU.ActiveCfg = Debug|Any CPU
		{68E3C494-470E-46F3-8C21-4D3E1A535B75}.Debug|Any CPU.Build.0 = Debug|Any CPU
		{68E3C494-470E-46F3-8C21-4D3E1A535B75}.Release|Any CPU.ActiveCfg = Release|Any CPU
		{68E3C494-470E-46F3-8C21-4D3E1A535B75}.Release|Any CPU.Build.0 = Release|Any CPU
		{15F81ADF-92E6-4464-B30C-34020B307169}.Debug|Any CPU.ActiveCfg = Debug|Any CPU
		{15F81ADF-92E6-4464-B30C-34020B307169}.Debug|Any CPU.Build.0 = Debug|Any CPU
		{15F81ADF-92E6-4464-B30C-34020B307169}.Release|Any CPU.ActiveCfg = Release|Any CPU
		{15F81ADF-92E6-4464-B30C-34020B307169}.Release|Any CPU.Build.0 = Release|Any CPU
		{0F161481-6220-4931-B1A6-E9323A53B146}.Debug|Any CPU.ActiveCfg = Debug|Any CPU
		{0F161481-6220-4931-B1A6-E9323A53B146}.Debug|Any CPU.Build.0 = Debug|Any CPU
		{0F161481-6220-4931-B1A6-E9323A53B146}.Release|Any CPU.ActiveCfg = Release|Any CPU
		{0F161481-6220-4931-B1A6-E9323A53B146}.Release|Any CPU.Build.0 = Release|Any CPU
		{675DACDC-3F12-4366-8980-E4C6C401EB08}.Debug|Any CPU.ActiveCfg = Debug|Any CPU
		{675DACDC-3F12-4366-8980-E4C6C401EB08}.Debug|Any CPU.Build.0 = Debug|Any CPU
		{675DACDC-3F12-4366-8980-E4C6C401EB08}.Release|Any CPU.ActiveCfg = Release|Any CPU
		{675DACDC-3F12-4366-8980-E4C6C401EB08}.Release|Any CPU.Build.0 = Release|Any CPU
	EndGlobalSection
	GlobalSection(SolutionProperties) = preSolution
		HideSolutionNode = FALSE
	EndGlobalSection
	GlobalSection(NestedProjects) = preSolution
		{675DACDC-3F12-4366-8980-E4C6C401EB08} = {3A4DBAAE-F556-4075-A559-9554A3AE9B57}
	EndGlobalSection
	GlobalSection(ExtensibilityGlobals) = postSolution
		SolutionGuid = {02FC32D7-3543-4B8A-A16A-CABDF93275D7}
	EndGlobalSection
EndGlobal
