
Microsoft Visual Studio Solution File, Format Version 12.00
# Visual Studio Version 17
VisualStudioVersion = 17.9.34728.123
MinimumVisualStudioVersion = 10.0.40219.1
Project("{9A19103F-16F7-4668-BE54-9A1E7A4F7556}") = "FoodMeasuringAPI", "..\FoodMeasuringAPI\FoodMeasuringAPI.csproj", "{0CA0FB71-E0C9-4144-AD9E-E731E827DAC3}"
EndProject
Project("{9A19103F-16F7-4668-BE54-9A1E7A4F7556}") = "FoodMeasuringObjects", "..\FoodMeasuringObjects\FoodMeasuringObjects.csproj", "{44DE923A-C156-490F-ADD6-90822EC4BB0B}"
EndProject
Project("{9A19103F-16F7-4668-BE54-9A1E7A4F7556}") = "Services", "..\Services\Services.csproj", "{DA2D640A-0E1B-4C15-B4EF-9D69F12229C1}"
EndProject
Project("{9A19103F-16F7-4668-BE54-9A1E7A4F7556}") = "JSONService", "..\JSONService\JSONService.csproj", "{E40D1CEA-3A05-49D7-803C-25DF8A1D92E2}"
EndProject
Project("{9A19103F-16F7-4668-BE54-9A1E7A4F7556}") = "FoodStandUI", "..\FoodStandUI\FoodStandUI.csproj", "{CC5D8C93-D380-44A4-850B-BDF78761F8F2}"
EndProject
Project("{2150E333-8FDC-42A3-9474-1A3956D46DE8}") = "UnitTests", "UnitTests", "{B63972D4-A441-4336-8FF5-FDC3ACDD4E99}"
EndProject
Project("{9A19103F-16F7-4668-BE54-9A1E7A4F7556}") = "ServiceUnitTests", "JSONServiceUnitTests\ServiceUnitTests.csproj", "{BF77D27C-DF2E-4CFA-9CBC-EBE49E357340}"
EndProject
Global
	GlobalSection(SolutionConfigurationPlatforms) = preSolution
		Debug|Any CPU = Debug|Any CPU
		Release|Any CPU = Release|Any CPU
	EndGlobalSection
	GlobalSection(ProjectConfigurationPlatforms) = postSolution
		{0CA0FB71-E0C9-4144-AD9E-E731E827DAC3}.Debug|Any CPU.ActiveCfg = Debug|Any CPU
		{0CA0FB71-E0C9-4144-AD9E-E731E827DAC3}.Debug|Any CPU.Build.0 = Debug|Any CPU
		{0CA0FB71-E0C9-4144-AD9E-E731E827DAC3}.Release|Any CPU.ActiveCfg = Release|Any CPU
		{0CA0FB71-E0C9-4144-AD9E-E731E827DAC3}.Release|Any CPU.Build.0 = Release|Any CPU
		{44DE923A-C156-490F-ADD6-90822EC4BB0B}.Debug|Any CPU.ActiveCfg = Debug|Any CPU
		{44DE923A-C156-490F-ADD6-90822EC4BB0B}.Debug|Any CPU.Build.0 = Debug|Any CPU
		{44DE923A-C156-490F-ADD6-90822EC4BB0B}.Release|Any CPU.ActiveCfg = Release|Any CPU
		{44DE923A-C156-490F-ADD6-90822EC4BB0B}.Release|Any CPU.Build.0 = Release|Any CPU
		{DA2D640A-0E1B-4C15-B4EF-9D69F12229C1}.Debug|Any CPU.ActiveCfg = Debug|Any CPU
		{DA2D640A-0E1B-4C15-B4EF-9D69F12229C1}.Debug|Any CPU.Build.0 = Debug|Any CPU
		{DA2D640A-0E1B-4C15-B4EF-9D69F12229C1}.Release|Any CPU.ActiveCfg = Release|Any CPU
		{DA2D640A-0E1B-4C15-B4EF-9D69F12229C1}.Release|Any CPU.Build.0 = Release|Any CPU
		{E40D1CEA-3A05-49D7-803C-25DF8A1D92E2}.Debug|Any CPU.ActiveCfg = Debug|Any CPU
		{E40D1CEA-3A05-49D7-803C-25DF8A1D92E2}.Debug|Any CPU.Build.0 = Debug|Any CPU
		{E40D1CEA-3A05-49D7-803C-25DF8A1D92E2}.Release|Any CPU.ActiveCfg = Release|Any CPU
		{E40D1CEA-3A05-49D7-803C-25DF8A1D92E2}.Release|Any CPU.Build.0 = Release|Any CPU
		{CC5D8C93-D380-44A4-850B-BDF78761F8F2}.Debug|Any CPU.ActiveCfg = Debug|Any CPU
		{CC5D8C93-D380-44A4-850B-BDF78761F8F2}.Debug|Any CPU.Build.0 = Debug|Any CPU
		{CC5D8C93-D380-44A4-850B-BDF78761F8F2}.Debug|Any CPU.Deploy.0 = Debug|Any CPU
		{CC5D8C93-D380-44A4-850B-BDF78761F8F2}.Release|Any CPU.ActiveCfg = Release|Any CPU
		{CC5D8C93-D380-44A4-850B-BDF78761F8F2}.Release|Any CPU.Build.0 = Release|Any CPU
		{CC5D8C93-D380-44A4-850B-BDF78761F8F2}.Release|Any CPU.Deploy.0 = Release|Any CPU
		{BF77D27C-DF2E-4CFA-9CBC-EBE49E357340}.Debug|Any CPU.ActiveCfg = Debug|Any CPU
		{BF77D27C-DF2E-4CFA-9CBC-EBE49E357340}.Debug|Any CPU.Build.0 = Debug|Any CPU
		{BF77D27C-DF2E-4CFA-9CBC-EBE49E357340}.Release|Any CPU.ActiveCfg = Release|Any CPU
		{BF77D27C-DF2E-4CFA-9CBC-EBE49E357340}.Release|Any CPU.Build.0 = Release|Any CPU
	EndGlobalSection
	GlobalSection(SolutionProperties) = preSolution
		HideSolutionNode = FALSE
	EndGlobalSection
	GlobalSection(NestedProjects) = preSolution
		{BF77D27C-DF2E-4CFA-9CBC-EBE49E357340} = {B63972D4-A441-4336-8FF5-FDC3ACDD4E99}
	EndGlobalSection
	GlobalSection(ExtensibilityGlobals) = postSolution
		SolutionGuid = {ADC707B4-603F-4253-81D8-0B8DB97E445E}
	EndGlobalSection
EndGlobal
